
Microsoft Visual Studio Solution File, Format Version 12.00
# Visual Studio 15
VisualStudioVersion = 15.0.26124.0
MinimumVisualStudioVersion = 15.0.26124.0
Project("{FAE04EC0-301F-11D3-BF4B-00C04F79EFBC}") = "EPAM.CoreWorkshop.ReportHelper", "EPAM.CoreWorkshop.ReportHelper\EPAM.CoreWorkshop.ReportHelper.csproj", "{8A6ABBC3-030C-4EB5-A17F-2B69C23A35B5}"
EndProject
Project("{FAE04EC0-301F-11D3-BF4B-00C04F79EFBC}") = "EPAM.CoreWorkshop.ReportHelper.Tests", "EPAM.CoreWorkshop.ReportHelper.Tests\EPAM.CoreWorkshop.ReportHelper.Tests.csproj", "{1D814EE8-13A4-4A4A-8EA7-B4A021490123}"
EndProject
Project("{FAE04EC0-301F-11D3-BF4B-00C04F79EFBC}") = "EPAM.CoreWorkshop.TestConsoleApp", "EPAM.CoreWorkshop.TestConsoleApp\EPAM.CoreWorkshop.TestConsoleApp.csproj", "{FC4254C7-844F-46BD-ADB9-443D86CB48AF}"
EndProject
Global
	GlobalSection(SolutionConfigurationPlatforms) = preSolution
		Debug|Any CPU = Debug|Any CPU
		Debug|x64 = Debug|x64
		Debug|x86 = Debug|x86
		Release|Any CPU = Release|Any CPU
		Release|x64 = Release|x64
		Release|x86 = Release|x86
	EndGlobalSection
	GlobalSection(SolutionProperties) = preSolution
		HideSolutionNode = FALSE
	EndGlobalSection
	GlobalSection(ProjectConfigurationPlatforms) = postSolution
		{8A6ABBC3-030C-4EB5-A17F-2B69C23A35B5}.Debug|Any CPU.ActiveCfg = Debug|Any CPU
		{8A6ABBC3-030C-4EB5-A17F-2B69C23A35B5}.Debug|Any CPU.Build.0 = Debug|Any CPU
		{8A6ABBC3-030C-4EB5-A17F-2B69C23A35B5}.Debug|x64.ActiveCfg = Debug|Any CPU
		{8A6ABBC3-030C-4EB5-A17F-2B69C23A35B5}.Debug|x64.Build.0 = Debug|Any CPU
		{8A6ABBC3-030C-4EB5-A17F-2B69C23A35B5}.Debug|x86.ActiveCfg = Debug|Any CPU
		{8A6ABBC3-030C-4EB5-A17F-2B69C23A35B5}.Debug|x86.Build.0 = Debug|Any CPU
		{8A6ABBC3-030C-4EB5-A17F-2B69C23A35B5}.Release|Any CPU.ActiveCfg = Release|Any CPU
		{8A6ABBC3-030C-4EB5-A17F-2B69C23A35B5}.Release|Any CPU.Build.0 = Release|Any CPU
		{8A6ABBC3-030C-4EB5-A17F-2B69C23A35B5}.Release|x64.ActiveCfg = Release|Any CPU
		{8A6ABBC3-030C-4EB5-A17F-2B69C23A35B5}.Release|x64.Build.0 = Release|Any CPU
		{8A6ABBC3-030C-4EB5-A17F-2B69C23A35B5}.Release|x86.ActiveCfg = Release|Any CPU
		{8A6ABBC3-030C-4EB5-A17F-2B69C23A35B5}.Release|x86.Build.0 = Release|Any CPU
		{1D814EE8-13A4-4A4A-8EA7-B4A021490123}.Debug|Any CPU.ActiveCfg = Debug|Any CPU
		{1D814EE8-13A4-4A4A-8EA7-B4A021490123}.Debug|Any CPU.Build.0 = Debug|Any CPU
		{1D814EE8-13A4-4A4A-8EA7-B4A021490123}.Debug|x64.ActiveCfg = Debug|Any CPU
		{1D814EE8-13A4-4A4A-8EA7-B4A021490123}.Debug|x64.Build.0 = Debug|Any CPU
		{1D814EE8-13A4-4A4A-8EA7-B4A021490123}.Debug|x86.ActiveCfg = Debug|Any CPU
		{1D814EE8-13A4-4A4A-8EA7-B4A021490123}.Debug|x86.Build.0 = Debug|Any CPU
		{1D814EE8-13A4-4A4A-8EA7-B4A021490123}.Release|Any CPU.ActiveCfg = Release|Any CPU
		{1D814EE8-13A4-4A4A-8EA7-B4A021490123}.Release|Any CPU.Build.0 = Release|Any CPU
		{1D814EE8-13A4-4A4A-8EA7-B4A021490123}.Release|x64.ActiveCfg = Release|Any CPU
		{1D814EE8-13A4-4A4A-8EA7-B4A021490123}.Release|x64.Build.0 = Release|Any CPU
		{1D814EE8-13A4-4A4A-8EA7-B4A021490123}.Release|x86.ActiveCfg = Release|Any CPU
		{1D814EE8-13A4-4A4A-8EA7-B4A021490123}.Release|x86.Build.0 = Release|Any CPU
		{FC4254C7-844F-46BD-ADB9-443D86CB48AF}.Debug|Any CPU.ActiveCfg = Debug|Any CPU
		{FC4254C7-844F-46BD-ADB9-443D86CB48AF}.Debug|Any CPU.Build.0 = Debug|Any CPU
		{FC4254C7-844F-46BD-ADB9-443D86CB48AF}.Debug|x64.ActiveCfg = Debug|Any CPU
		{FC4254C7-844F-46BD-ADB9-443D86CB48AF}.Debug|x64.Build.0 = Debug|Any CPU
		{FC4254C7-844F-46BD-ADB9-443D86CB48AF}.Debug|x86.ActiveCfg = Debug|Any CPU
		{FC4254C7-844F-46BD-ADB9-443D86CB48AF}.Debug|x86.Build.0 = Debug|Any CPU
		{FC4254C7-844F-46BD-ADB9-443D86CB48AF}.Release|Any CPU.ActiveCfg = Release|Any CPU
		{FC4254C7-844F-46BD-ADB9-443D86CB48AF}.Release|Any CPU.Build.0 = Release|Any CPU
		{FC4254C7-844F-46BD-ADB9-443D86CB48AF}.Release|x64.ActiveCfg = Release|Any CPU
		{FC4254C7-844F-46BD-ADB9-443D86CB48AF}.Release|x64.Build.0 = Release|Any CPU
		{FC4254C7-844F-46BD-ADB9-443D86CB48AF}.Release|x86.ActiveCfg = Release|Any CPU
		{FC4254C7-844F-46BD-ADB9-443D86CB48AF}.Release|x86.Build.0 = Release|Any CPU
	EndGlobalSection
EndGlobal
